
Microsoft Visual Studio Solution File, Format Version 12.00
# Visual Studio Version 17
VisualStudioVersion = 17.7.34024.191
MinimumVisualStudioVersion = 10.0.40219.1
Project("{00D1A9C2-B5F0-4AF3-8072-F6C62B433612}") = "NorthwindDatabse", "NorthwindDatabse\NorthwindDatabse.sqlproj", "{0E1278EC-1802-4933-9AAC-AE2A647026CE}"
EndProject
Global
	GlobalSection(SolutionConfigurationPlatforms) = preSolution
		Debug|Any CPU = Debug|Any CPU
		Release|Any CPU = Release|Any CPU
	EndGlobalSection
	GlobalSection(ProjectConfigurationPlatforms) = postSolution
		{0E1278EC-1802-4933-9AAC-AE2A647026CE}.Debug|Any CPU.ActiveCfg = Debug|Any CPU
		{0E1278EC-1802-4933-9AAC-AE2A647026CE}.Debug|Any CPU.Build.0 = Debug|Any CPU
		{0E1278EC-1802-4933-9AAC-AE2A647026CE}.Debug|Any CPU.Deploy.0 = Debug|Any CPU
		{0E1278EC-1802-4933-9AAC-AE2A647026CE}.Release|Any CPU.ActiveCfg = Release|Any CPU
		{0E1278EC-1802-4933-9AAC-AE2A647026CE}.Release|Any CPU.Build.0 = Release|Any CPU
		{0E1278EC-1802-4933-9AAC-AE2A647026CE}.Release|Any CPU.Deploy.0 = Release|Any CPU
	EndGlobalSection
	GlobalSection(SolutionProperties) = preSolution
		HideSolutionNode = FALSE
	EndGlobalSection
	GlobalSection(ExtensibilityGlobals) = postSolution
		SolutionGuid = {F5248FE2-93D8-467F-9BDA-8FDE8EBF0874}
	EndGlobalSection
EndGlobal
